
Microsoft Visual Studio Solution File, Format Version 12.00
# Visual Studio Version 17
VisualStudioVersion = 17.8.34322.80
MinimumVisualStudioVersion = 10.0.40219.1
Project("{9A19103F-16F7-4668-BE54-9A1E7A4F7556}") = "AdaTech.InventoryControl.WebAPI", "AdaTech.InventoryControl.WebAPI\AdaTech.InventoryControl.WebAPI.csproj", "{F05EA31A-5533-4E4F-AFC4-CEA13F38D59A}"
	ProjectSection(ProjectDependencies) = postProject
		{A8D2FC72-B5CF-450A-9697-54C47DA8AB3B} = {A8D2FC72-B5CF-450A-9697-54C47DA8AB3B}
	EndProjectSection
EndProject
Project("{2150E333-8FDC-42A3-9474-1A3956D46DE8}") = "AdaTech.InventoryControl.Presentation", "AdaTech.InventoryControl.Presentation", "{C0A6DC01-674F-496B-922E-BB4D1D3AF9C8}"
EndProject
Project("{2150E333-8FDC-42A3-9474-1A3956D46DE8}") = "AdaTech.InventoryControl.Domain", "AdaTech.InventoryControl.Domain", "{7EAD4E81-F986-442A-940E-E377ED885B67}"
EndProject
Project("{2150E333-8FDC-42A3-9474-1A3956D46DE8}") = "AdaTech.InventoryControl.Infrastructure", "AdaTech.InventoryControl.Infrastructure", "{2768DACF-6689-4DBC-ACAE-3C442A43CA29}"
EndProject
Project("{9A19103F-16F7-4668-BE54-9A1E7A4F7556}") = "AdaTech.InventoryControl.Entities", "AdaTech.InventoryControl.Entities\AdaTech.InventoryControl.Entities.csproj", "{14F8CAEA-AA8F-4E92-B684-9BD2CF6B1CFA}"
EndProject
Project("{9A19103F-16F7-4668-BE54-9A1E7A4F7556}") = "AdaTech.InventoryControl.DateLibrary", "AdaTech.InventoryControl.DateLibrary\AdaTech.InventoryControl.DateLibrary.csproj", "{5BE0E4E4-6D69-4345-A031-AF04BC778A9B}"
EndProject
Project("{2150E333-8FDC-42A3-9474-1A3956D46DE8}") = "AdaTech.InventoryControl.Application", "AdaTech.InventoryControl.Application", "{75B2EB70-7E1F-43A8-A37E-2F98DD5FB570}"
EndProject
Project("{9A19103F-16F7-4668-BE54-9A1E7A4F7556}") = "AdaTech.InventoryControl.Service", "AdaTech.InventoryControl.Service\AdaTech.InventoryControl.Service.csproj", "{A8D2FC72-B5CF-450A-9697-54C47DA8AB3B}"
EndProject
Project("{9A19103F-16F7-4668-BE54-9A1E7A4F7556}") = "InventoryControlTest", "InventoryControlTest\InventoryControlTest.csproj", "{FA69C801-085A-4F5A-8DE5-95D7314394EF}"
EndProject
Project("{2150E333-8FDC-42A3-9474-1A3956D46DE8}") = "AdaTech.InventoryControl.TestApplication", "AdaTech.InventoryControl.TestApplication", "{9D88875A-8BB7-4C3B-AEBA-E6F500BD0BFB}"
EndProject
Project("{2150E333-8FDC-42A3-9474-1A3956D46DE8}") = "src", "src", "{4D3E95D1-32B0-4977-988B-9D1E53BD3780}"
EndProject
Project("{2150E333-8FDC-42A3-9474-1A3956D46DE8}") = "test", "test", "{FFD2A7F1-E425-4240-9C8D-FC168787DBEB}"
EndProject
Global
	GlobalSection(SolutionConfigurationPlatforms) = preSolution
		Debug|Any CPU = Debug|Any CPU
		Release|Any CPU = Release|Any CPU
	EndGlobalSection
	GlobalSection(ProjectConfigurationPlatforms) = postSolution
		{F05EA31A-5533-4E4F-AFC4-CEA13F38D59A}.Debug|Any CPU.ActiveCfg = Debug|Any CPU
		{F05EA31A-5533-4E4F-AFC4-CEA13F38D59A}.Debug|Any CPU.Build.0 = Debug|Any CPU
		{F05EA31A-5533-4E4F-AFC4-CEA13F38D59A}.Release|Any CPU.ActiveCfg = Release|Any CPU
		{F05EA31A-5533-4E4F-AFC4-CEA13F38D59A}.Release|Any CPU.Build.0 = Release|Any CPU
		{14F8CAEA-AA8F-4E92-B684-9BD2CF6B1CFA}.Debug|Any CPU.ActiveCfg = Debug|Any CPU
		{14F8CAEA-AA8F-4E92-B684-9BD2CF6B1CFA}.Debug|Any CPU.Build.0 = Debug|Any CPU
		{14F8CAEA-AA8F-4E92-B684-9BD2CF6B1CFA}.Release|Any CPU.ActiveCfg = Release|Any CPU
		{14F8CAEA-AA8F-4E92-B684-9BD2CF6B1CFA}.Release|Any CPU.Build.0 = Release|Any CPU
		{5BE0E4E4-6D69-4345-A031-AF04BC778A9B}.Debug|Any CPU.ActiveCfg = Debug|Any CPU
		{5BE0E4E4-6D69-4345-A031-AF04BC778A9B}.Debug|Any CPU.Build.0 = Debug|Any CPU
		{5BE0E4E4-6D69-4345-A031-AF04BC778A9B}.Release|Any CPU.ActiveCfg = Release|Any CPU
		{5BE0E4E4-6D69-4345-A031-AF04BC778A9B}.Release|Any CPU.Build.0 = Release|Any CPU
		{A8D2FC72-B5CF-450A-9697-54C47DA8AB3B}.Debug|Any CPU.ActiveCfg = Debug|Any CPU
		{A8D2FC72-B5CF-450A-9697-54C47DA8AB3B}.Debug|Any CPU.Build.0 = Debug|Any CPU
		{A8D2FC72-B5CF-450A-9697-54C47DA8AB3B}.Release|Any CPU.ActiveCfg = Release|Any CPU
		{A8D2FC72-B5CF-450A-9697-54C47DA8AB3B}.Release|Any CPU.Build.0 = Release|Any CPU
		{FA69C801-085A-4F5A-8DE5-95D7314394EF}.Debug|Any CPU.ActiveCfg = Debug|Any CPU
		{FA69C801-085A-4F5A-8DE5-95D7314394EF}.Debug|Any CPU.Build.0 = Debug|Any CPU
		{FA69C801-085A-4F5A-8DE5-95D7314394EF}.Release|Any CPU.ActiveCfg = Release|Any CPU
		{FA69C801-085A-4F5A-8DE5-95D7314394EF}.Release|Any CPU.Build.0 = Release|Any CPU
	EndGlobalSection
	GlobalSection(SolutionProperties) = preSolution
		HideSolutionNode = FALSE
	EndGlobalSection
	GlobalSection(NestedProjects) = preSolution
		{F05EA31A-5533-4E4F-AFC4-CEA13F38D59A} = {C0A6DC01-674F-496B-922E-BB4D1D3AF9C8}
		{C0A6DC01-674F-496B-922E-BB4D1D3AF9C8} = {4D3E95D1-32B0-4977-988B-9D1E53BD3780}
		{7EAD4E81-F986-442A-940E-E377ED885B67} = {4D3E95D1-32B0-4977-988B-9D1E53BD3780}
		{2768DACF-6689-4DBC-ACAE-3C442A43CA29} = {4D3E95D1-32B0-4977-988B-9D1E53BD3780}
		{14F8CAEA-AA8F-4E92-B684-9BD2CF6B1CFA} = {7EAD4E81-F986-442A-940E-E377ED885B67}
		{5BE0E4E4-6D69-4345-A031-AF04BC778A9B} = {2768DACF-6689-4DBC-ACAE-3C442A43CA29}
		{75B2EB70-7E1F-43A8-A37E-2F98DD5FB570} = {4D3E95D1-32B0-4977-988B-9D1E53BD3780}
		{A8D2FC72-B5CF-450A-9697-54C47DA8AB3B} = {75B2EB70-7E1F-43A8-A37E-2F98DD5FB570}
		{FA69C801-085A-4F5A-8DE5-95D7314394EF} = {9D88875A-8BB7-4C3B-AEBA-E6F500BD0BFB}
		{9D88875A-8BB7-4C3B-AEBA-E6F500BD0BFB} = {FFD2A7F1-E425-4240-9C8D-FC168787DBEB}
	EndGlobalSection
	GlobalSection(ExtensibilityGlobals) = postSolution
		SolutionGuid = {1D11B158-4642-4E96-AA7E-2A557E603493}
	EndGlobalSection
EndGlobal
